
Microsoft Visual Studio Solution File, Format Version 12.00
Project("{FAE04EC0-301F-11D3-BF4B-00C04F79EFBC}") = "FileAbstraction", "FileAbstraction\FileAbstraction.csproj", "{0DEE0256-C1CB-4976-9B98-39E191A5D0EE}"
EndProject
Project("{FAE04EC0-301F-11D3-BF4B-00C04F79EFBC}") = "FileAbstractionTests", "FileAbstractionTests\FileAbstractionTests.csproj", "{F4421E09-323B-49B6-A66C-16D1F8DFFF37}"
EndProject
Global
	GlobalSection(SolutionConfigurationPlatforms) = preSolution
		Debug|Any CPU = Debug|Any CPU
		Release|Any CPU = Release|Any CPU
	EndGlobalSection
	GlobalSection(ProjectConfigurationPlatforms) = postSolution
		{0DEE0256-C1CB-4976-9B98-39E191A5D0EE}.Debug|Any CPU.ActiveCfg = Debug|Any CPU
		{0DEE0256-C1CB-4976-9B98-39E191A5D0EE}.Debug|Any CPU.Build.0 = Debug|Any CPU
		{0DEE0256-C1CB-4976-9B98-39E191A5D0EE}.Release|Any CPU.ActiveCfg = Release|Any CPU
		{0DEE0256-C1CB-4976-9B98-39E191A5D0EE}.Release|Any CPU.Build.0 = Release|Any CPU
		{F4421E09-323B-49B6-A66C-16D1F8DFFF37}.Debug|Any CPU.ActiveCfg = Debug|Any CPU
		{F4421E09-323B-49B6-A66C-16D1F8DFFF37}.Debug|Any CPU.Build.0 = Debug|Any CPU
		{F4421E09-323B-49B6-A66C-16D1F8DFFF37}.Release|Any CPU.ActiveCfg = Release|Any CPU
		{F4421E09-323B-49B6-A66C-16D1F8DFFF37}.Release|Any CPU.Build.0 = Release|Any CPU
	EndGlobalSection
EndGlobal
